
Microsoft Visual Studio Solution File, Format Version 12.00
# Visual Studio Version 16
VisualStudioVersion = 16.0.30204.135
MinimumVisualStudioVersion = 10.0.40219.1
Project("{FAE04EC0-301F-11D3-BF4B-00C04F79EFBC}") = "Algorithms_And_Data_Structures_Basics", "Algorithms_And_Data_Structures_Basics\Algorithms_And_Data_Structures_Basics.csproj", "{2E6C33D8-34CE-49D5-9915-4FF315D86043}"
EndProject
Project("{FAE04EC0-301F-11D3-BF4B-00C04F79EFBC}") = "Homework_lsn2", "Homework_lsn2\Homework_lsn2.csproj", "{B76BC65D-5687-4B8E-8648-B0980E46C3BB}"
EndProject
Project("{FAE04EC0-301F-11D3-BF4B-00C04F79EFBC}") = "Homework_lsn3", "Homework_lsn3\Homework_lsn3.csproj", "{E1011B2B-85C8-4251-941B-252ACA63A4F3}"
EndProject
Global
	GlobalSection(SolutionConfigurationPlatforms) = preSolution
		Debug|Any CPU = Debug|Any CPU
		Release|Any CPU = Release|Any CPU
	EndGlobalSection
	GlobalSection(ProjectConfigurationPlatforms) = postSolution
		{2E6C33D8-34CE-49D5-9915-4FF315D86043}.Debug|Any CPU.ActiveCfg = Debug|Any CPU
		{2E6C33D8-34CE-49D5-9915-4FF315D86043}.Debug|Any CPU.Build.0 = Debug|Any CPU
		{2E6C33D8-34CE-49D5-9915-4FF315D86043}.Release|Any CPU.ActiveCfg = Release|Any CPU
		{2E6C33D8-34CE-49D5-9915-4FF315D86043}.Release|Any CPU.Build.0 = Release|Any CPU
		{B76BC65D-5687-4B8E-8648-B0980E46C3BB}.Debug|Any CPU.ActiveCfg = Debug|Any CPU
		{B76BC65D-5687-4B8E-8648-B0980E46C3BB}.Debug|Any CPU.Build.0 = Debug|Any CPU
		{B76BC65D-5687-4B8E-8648-B0980E46C3BB}.Release|Any CPU.ActiveCfg = Release|Any CPU
		{B76BC65D-5687-4B8E-8648-B0980E46C3BB}.Release|Any CPU.Build.0 = Release|Any CPU
		{E1011B2B-85C8-4251-941B-252ACA63A4F3}.Debug|Any CPU.ActiveCfg = Debug|Any CPU
		{E1011B2B-85C8-4251-941B-252ACA63A4F3}.Debug|Any CPU.Build.0 = Debug|Any CPU
		{E1011B2B-85C8-4251-941B-252ACA63A4F3}.Release|Any CPU.ActiveCfg = Release|Any CPU
		{E1011B2B-85C8-4251-941B-252ACA63A4F3}.Release|Any CPU.Build.0 = Release|Any CPU
	EndGlobalSection
	GlobalSection(SolutionProperties) = preSolution
		HideSolutionNode = FALSE
	EndGlobalSection
	GlobalSection(ExtensibilityGlobals) = postSolution
		SolutionGuid = {577568A4-C181-4824-892D-AF708B5ED4E6}
	EndGlobalSection
EndGlobal
